
Microsoft Visual Studio Solution File, Format Version 12.00
# Visual Studio Version 16
VisualStudioVersion = 16.0.30621.155
MinimumVisualStudioVersion = 10.0.40219.1
Project("{9A19103F-16F7-4668-BE54-9A1E7A4F7556}") = "FakeEstateAPI", "FakeEstateAPI\FakeEstateAPI.csproj", "{54EF6316-A417-449F-83D9-B79CE47A7328}"
EndProject
Project("{9A19103F-16F7-4668-BE54-9A1E7A4F7556}") = "HomeDB", "HomeDB\HomeDB.csproj", "{79077E53-C80E-4A86-BE78-85D395FD4D38}"
EndProject
Project("{9A19103F-16F7-4668-BE54-9A1E7A4F7556}") = "HomeLib", "HomeLib\HomeLib.csproj", "{4FA69F91-A9BA-4F31-B3F5-06673A3BB88F}"
EndProject
Global
	GlobalSection(SolutionConfigurationPlatforms) = preSolution
		Debug|Any CPU = Debug|Any CPU
		Release|Any CPU = Release|Any CPU
	EndGlobalSection
	GlobalSection(ProjectConfigurationPlatforms) = postSolution
		{54EF6316-A417-449F-83D9-B79CE47A7328}.Debug|Any CPU.ActiveCfg = Debug|Any CPU
		{54EF6316-A417-449F-83D9-B79CE47A7328}.Debug|Any CPU.Build.0 = Debug|Any CPU
		{54EF6316-A417-449F-83D9-B79CE47A7328}.Release|Any CPU.ActiveCfg = Release|Any CPU
		{54EF6316-A417-449F-83D9-B79CE47A7328}.Release|Any CPU.Build.0 = Release|Any CPU
		{79077E53-C80E-4A86-BE78-85D395FD4D38}.Debug|Any CPU.ActiveCfg = Debug|Any CPU
		{79077E53-C80E-4A86-BE78-85D395FD4D38}.Debug|Any CPU.Build.0 = Debug|Any CPU
		{79077E53-C80E-4A86-BE78-85D395FD4D38}.Release|Any CPU.ActiveCfg = Release|Any CPU
		{79077E53-C80E-4A86-BE78-85D395FD4D38}.Release|Any CPU.Build.0 = Release|Any CPU
		{4FA69F91-A9BA-4F31-B3F5-06673A3BB88F}.Debug|Any CPU.ActiveCfg = Debug|Any CPU
		{4FA69F91-A9BA-4F31-B3F5-06673A3BB88F}.Debug|Any CPU.Build.0 = Debug|Any CPU
		{4FA69F91-A9BA-4F31-B3F5-06673A3BB88F}.Release|Any CPU.ActiveCfg = Release|Any CPU
		{4FA69F91-A9BA-4F31-B3F5-06673A3BB88F}.Release|Any CPU.Build.0 = Release|Any CPU
	EndGlobalSection
	GlobalSection(SolutionProperties) = preSolution
		HideSolutionNode = FALSE
	EndGlobalSection
	GlobalSection(ExtensibilityGlobals) = postSolution
		SolutionGuid = {9A255F55-CDF2-4236-9DFA-0303F8EF00BE}
	EndGlobalSection
EndGlobal
